dependencies:
- name: clickhouse
  repository: https://charts.signoz.io
  version: 24.1.15
- name: signoz-otel-gateway
  repository: https://charts.signoz.io
  version: 0.0.1
digest: sha256:6e9bc26aaa42990986a4564c9209f1d469e2d227f40eec8f153c3258753aea94
generated: "2025-01-29T18:12:34.847081+05:30"
